<?xml version="1.0" encoding="utf-8"?>
<Project ToolsVersion="4.0" xmlns="http://schemas.microsoft.com/developer/msbuild/2003">
  <ItemGroup>
    <Filter Include="ソース ファイル">
      <UniqueIdentifier>{4FC737F1-C7A5-4376-A066-2A32D752A2FF}</UniqueIdentifier>
      <Extensions>cpp;c;cc;cxx;def;odl;idl;hpj;bat;asm;asmx</Extensions>
    </Filter>
    <Filter Include="ヘッダー ファイル">
      <UniqueIdentifier>{93995380-89BD-4b04-88EB-625FBE52EBFB}</UniqueIdentifier>
      <Extensions>h;hh;hpp;hxx;hm;inl;inc;ipp;xsd</Extensions>
    </Filter>
    <Filter Include="リソース ファイル">
      <UniqueIdentifier>{67DA6AB6-F800-4c08-8B7A-83BB121AAD01}</UniqueIdentifier>
      <Extensions>rc;ico;cur;bmp;dlg;rc2;rct;bin;rgs;gif;jpg;jpeg;jpe;resx;tiff;tif;png;wav;mfcribbon-ms</Extensions>
    </Filter>
    <Filter Include="ヘッダー ファイル\Scene">
      <UniqueIdentifier>{78ecd703-4f72-43b1-9761-b2f9e997080e}</UniqueIdentifier>
    </Filter>
    <Filter Include="ヘッダー ファイル\GameObject">
      <UniqueIdentifier>{78165fe3-5800-493f-b4ab-f132dc3b17b6}</UniqueIdentifier>
    </Filter>
    <Filter Include="ソース ファイル\Scene">
      <UniqueIdentifier>{bba807c8-d8b9-4f26-b190-4b98e363ed81}</UniqueIdentifier>
    </Filter>
    <Filter Include="ソース ファイル\GameObject">
      <UniqueIdentifier>{c49e8f2f-3332-4836-b53c-32edde3cb14f}</UniqueIdentifier>
    </Filter>
    <Filter Include="ヘッダー ファイル\Weapon">
      <UniqueIdentifier>{a1d34d9a-b002-46fa-9afb-58973beb64ea}</UniqueIdentifier>
    </Filter>
    <Filter Include="ソース ファイル\Weapon">
      <UniqueIdentifier>{4495036f-c71b-46b6-b77e-e6e3c09ede10}</UniqueIdentifier>
    </Filter>
    <Filter Include="ヘッダー ファイル\GameObject\Player">
      <UniqueIdentifier>{65ecccc2-4828-443f-a78e-3943b9d6a883}</UniqueIdentifier>
    </Filter>
    <Filter Include="ソース ファイル\GameObject\Player">
      <UniqueIdentifier>{1dff42e3-23d5-44ed-bd75-d5167a71dba6}</UniqueIdentifier>
    </Filter>
    <Filter Include="ヘッダー ファイル\GameObject\Enemy">
      <UniqueIdentifier>{ce53aa3c-3d5f-4206-9972-2fec47c361c3}</UniqueIdentifier>
    </Filter>
    <Filter Include="ソース ファイル\GameObject\Enemy">
      <UniqueIdentifier>{e60d6646-5563-4d75-b532-d4761849c632}</UniqueIdentifier>
    </Filter>
    <Filter Include="ヘッダー ファイル\GameObject\Enemy\Boss">
      <UniqueIdentifier>{5c37f119-e90c-4b70-85ae-aa2d4e1dc117}</UniqueIdentifier>
    </Filter>
    <Filter Include="ソース ファイル\GameObject\Enemy\Boss">
      <UniqueIdentifier>{1f403fe1-f776-4dc6-bdde-3a2027ea10ca}</UniqueIdentifier>
    </Filter>
    <Filter Include="ソース ファイル\GameObject\Enemy\Drone">
      <UniqueIdentifier>{829ae520-579e-4086-a486-6291b090e87a}</UniqueIdentifier>
    </Filter>
    <Filter Include="ヘッダー ファイル\GameObject\Enemy\Drone">
      <UniqueIdentifier>{fdc43fa3-3509-42fc-8d79-b37d7d097303}</UniqueIdentifier>
    </Filter>
  </ItemGroup>
  <ItemGroup>
    <ClCompile Include="main.cpp">
      <Filter>ソース ファイル</Filter>
    </ClCompile>
    <ClCompile Include="manager.cpp">
      <Filter>ソース ファイル</Filter>
    </ClCompile>
    <ClCompile Include="renderer.cpp">
      <Filter>ソース ファイル</Filter>
    </ClCompile>
    <ClCompile Include="model.cpp">
      <Filter>ソース ファイル</Filter>
    </ClCompile>
    <ClCompile Include="sprite.cpp">
      <Filter>ソース ファイル</Filter>
    </ClCompile>
    <ClCompile Include="plate.cpp">
      <Filter>ソース ファイル</Filter>
    </ClCompile>
    <ClCompile Include="input.cpp">
      <Filter>ソース ファイル</Filter>
    </ClCompile>
    <ClCompile Include="title.cpp">
      <Filter>ソース ファイル\Scene</Filter>
    </ClCompile>
    <ClCompile Include="result.cpp">
      <Filter>ソース ファイル\Scene</Filter>
    </ClCompile>
    <ClCompile Include="game.cpp">
      <Filter>ソース ファイル\Scene</Filter>
    </ClCompile>
    <ClCompile Include="box.cpp">
      <Filter>ソース ファイル\GameObject</Filter>
    </ClCompile>
    <ClCompile Include="bullet.cpp">
      <Filter>ソース ファイル\GameObject</Filter>
    </ClCompile>
    <ClCompile Include="camera.cpp">
      <Filter>ソース ファイル\GameObject</Filter>
    </ClCompile>
    <ClCompile Include="cylinder.cpp">
      <Filter>ソース ファイル\GameObject</Filter>
    </ClCompile>
    <ClCompile Include="explosion.cpp">
      <Filter>ソース ファイル\GameObject</Filter>
    </ClCompile>
    <ClCompile Include="field.cpp">
      <Filter>ソース ファイル\GameObject</Filter>
    </ClCompile>
    <ClCompile Include="polygon2D.cpp">
      <Filter>ソース ファイル\GameObject</Filter>
    </ClCompile>
    <ClCompile Include="animSprite.cpp">
      <Filter>ソース ファイル</Filter>
    </ClCompile>
    <ClCompile Include="audio.cpp">
      <Filter>ソース ファイル</Filter>
    </ClCompile>
    <ClCompile Include="score.cpp">
      <Filter>ソース ファイル\GameObject</Filter>
    </ClCompile>
    <ClCompile Include="animPlate.cpp">
      <Filter>ソース ファイル</Filter>
    </ClCompile>
    <ClCompile Include="sky.cpp">
      <Filter>ソース ファイル\GameObject</Filter>
    </ClCompile>
    <ClCompile Include="effect.cpp">
      <Filter>ソース ファイル\GameObject</Filter>
    </ClCompile>
    <ClCompile Include="weapon.cpp">
      <Filter>ソース ファイル\Weapon</Filter>
    </ClCompile>
    <ClCompile Include="fade.cpp">
      <Filter>ソース ファイル\GameObject</Filter>
    </ClCompile>
    <ClCompile Include="collision.cpp">
      <Filter>ソース ファイル\GameObject</Filter>
    </ClCompile>
    <ClCompile Include="sword.cpp">
      <Filter>ソース ファイル\Weapon</Filter>
    </ClCompile>
    <ClCompile Include="guage.cpp">
      <Filter>ソース ファイル\GameObject</Filter>
    </ClCompile>
    <ClCompile Include="resource.cpp">
      <Filter>ソース ファイル</Filter>
    </ClCompile>
    <ClCompile Include="gun.cpp">
      <Filter>ソース ファイル\Weapon</Filter>
    </ClCompile>
    <ClCompile Include="timer.cpp">
      <Filter>ソース ファイル\GameObject</Filter>
    </ClCompile>
    <ClCompile Include="tutorial.cpp">
      <Filter>ソース ファイル\Scene</Filter>
    </ClCompile>
    <ClCompile Include="message.cpp">
      <Filter>ソース ファイル\GameObject</Filter>
    </ClCompile>
    <ClCompile Include="animationModel.cpp">
      <Filter>ソース ファイル</Filter>
    </ClCompile>
    <ClCompile Include="shadow.cpp">
      <Filter>ソース ファイル</Filter>
    </ClCompile>
    <ClCompile Include="playerStateIdle.cpp">
      <Filter>ソース ファイル\GameObject\Player</Filter>
    </ClCompile>
    <ClCompile Include="playerStateJump.cpp">
      <Filter>ソース ファイル\GameObject\Player</Filter>
    </ClCompile>
    <ClCompile Include="playerStateRun.cpp">
      <Filter>ソース ファイル\GameObject\Player</Filter>
    </ClCompile>
    <ClCompile Include="playerStateWalk.cpp">
      <Filter>ソース ファイル\GameObject\Player</Filter>
    </ClCompile>
    <ClCompile Include="playerStateAttack.cpp">
      <Filter>ソース ファイル\GameObject\Player</Filter>
    </ClCompile>
    <ClCompile Include="playerStateGuard.cpp">
      <Filter>ソース ファイル\GameObject\Player</Filter>
    </ClCompile>
    <ClCompile Include="meshField.cpp">
      <Filter>ソース ファイル\GameObject</Filter>
    </ClCompile>
    <ClCompile Include="rock.cpp">
      <Filter>ソース ファイル\GameObject</Filter>
    </ClCompile>
    <ClCompile Include="scene.cpp">
      <Filter>ソース ファイル\Scene</Filter>
    </ClCompile>
    <ClCompile Include="player.cpp">
      <Filter>ソース ファイル\GameObject\Player</Filter>
    </ClCompile>
    <ClCompile Include="enemy.cpp">
      <Filter>ソース ファイル\GameObject\Enemy</Filter>
    </ClCompile>
    <ClCompile Include="enemyAttack.cpp">
      <Filter>ソース ファイル\GameObject\Enemy</Filter>
    </ClCompile>
    <ClCompile Include="enemyMove.cpp">
      <Filter>ソース ファイル\GameObject\Enemy</Filter>
    </ClCompile>
    <ClCompile Include="enemyTuto.cpp">
      <Filter>ソース ファイル\GameObject\Enemy</Filter>
    </ClCompile>
    <ClCompile Include="mutantStateWalk.cpp">
      <Filter>ソース ファイル\GameObject\Enemy\Boss</Filter>
    </ClCompile>
    <ClCompile Include="enemyMutant.cpp">
      <Filter>ソース ファイル\GameObject\Enemy\Boss</Filter>
    </ClCompile>
    <ClCompile Include="mutantStateIdle.cpp">
      <Filter>ソース ファイル\GameObject\Enemy\Boss</Filter>
    </ClCompile>
    <ClCompile Include="radar.cpp">
      <Filter>ソース ファイル\GameObject</Filter>
    </ClCompile>
    <ClCompile Include="mutantStateAttack.cpp">
      <Filter>ソース ファイル\GameObject\Enemy\Boss</Filter>
    </ClCompile>
    <ClCompile Include="shotGun.cpp">
      <Filter>ソース ファイル\Weapon</Filter>
    </ClCompile>
    <ClCompile Include="launcher.cpp">
      <Filter>ソース ファイル\Weapon</Filter>
    </ClCompile>
    <ClCompile Include="backGround.cpp">
      <Filter>ソース ファイル\GameObject</Filter>
    </ClCompile>
    <ClCompile Include="normalPlate.cpp">
      <Filter>ソース ファイル\GameObject</Filter>
    </ClCompile>
    <ClCompile Include="loading.cpp">
      <Filter>ソース ファイル\Scene</Filter>
    </ClCompile>
    <ClCompile Include="loadingLogo.cpp">
      <Filter>ソース ファイル</Filter>
    </ClCompile>
    <ClCompile Include="playerStateRoll.cpp">
      <Filter>ソース ファイル\GameObject\Player</Filter>
    </ClCompile>
    <ClCompile Include="mutantStateSkill.cpp">
      <Filter>ソース ファイル\GameObject\Enemy\Boss</Filter>
    </ClCompile>
    <ClCompile Include="preparation.cpp">
      <Filter>ソース ファイル\Scene</Filter>
    </ClCompile>
    <ClCompile Include="weaponSet.cpp">
      <Filter>ソース ファイル\GameObject</Filter>
    </ClCompile>
    <ClCompile Include="gameClear.cpp">
      <Filter>ソース ファイル\GameObject</Filter>
    </ClCompile>
    <ClCompile Include="playerStateDying.cpp">
      <Filter>ソース ファイル\GameObject\Player</Filter>
    </ClCompile>
    <ClCompile Include="stageSelect.cpp">
      <Filter>ソース ファイル\GameObject</Filter>
    </ClCompile>
    <ClCompile Include="stage.cpp">
      <Filter>ソース ファイル\Scene</Filter>
    </ClCompile>
    <ClCompile Include="pch.cpp">
      <Filter>ソース ファイル</Filter>
    </ClCompile>
    <ClCompile Include="item.cpp">
      <Filter>ソース ファイル\GameObject</Filter>
    </ClCompile>
    <ClCompile Include="enemyDrone.cpp">
      <Filter>ソース ファイル\GameObject\Enemy\Drone</Filter>
    </ClCompile>
    <ClCompile Include="droneStateMove.cpp">
      <Filter>ソース ファイル\GameObject\Enemy\Drone</Filter>
    </ClCompile>
    <ClCompile Include="droneStateAttack.cpp">
      <Filter>ソース ファイル\GameObject\Enemy\Drone</Filter>
    </ClCompile>
    <ClCompile Include="particle.cpp">
      <Filter>ソース ファイル</Filter>
    </ClCompile>
  </ItemGroup>
  <ItemGroup>
    <ClInclude Include="main.h">
      <Filter>ヘッダー ファイル</Filter>
    </ClInclude>
    <ClInclude Include="manager.h">
      <Filter>ヘッダー ファイル</Filter>
    </ClInclude>
    <ClInclude Include="renderer.h">
      <Filter>ヘッダー ファイル</Filter>
    </ClInclude>
    <ClInclude Include="model.h">
      <Filter>ヘッダー ファイル</Filter>
    </ClInclude>
    <ClInclude Include="component.h">
      <Filter>ヘッダー ファイル</Filter>
    </ClInclude>
    <ClInclude Include="sprite.h">
      <Filter>ヘッダー ファイル</Filter>
    </ClInclude>
    <ClInclude Include="input.h">
      <Filter>ヘッダー ファイル</Filter>
    </ClInclude>
    <ClInclude Include="box.h">
      <Filter>ヘッダー ファイル\GameObject</Filter>
    </ClInclude>
    <ClInclude Include="bullet.h">
      <Filter>ヘッダー ファイル\GameObject</Filter>
    </ClInclude>
    <ClInclude Include="camera.h">
      <Filter>ヘッダー ファイル\GameObject</Filter>
    </ClInclude>
    <ClInclude Include="field.h">
      <Filter>ヘッダー ファイル\GameObject</Filter>
    </ClInclude>
    <ClInclude Include="gameObject.h">
      <Filter>ヘッダー ファイル\GameObject</Filter>
    </ClInclude>
    <ClInclude Include="polygon2D.h">
      <Filter>ヘッダー ファイル\GameObject</Filter>
    </ClInclude>
    <ClInclude Include="plate.h">
      <Filter>ヘッダー ファイル</Filter>
    </ClInclude>
    <ClInclude Include="title.h">
      <Filter>ヘッダー ファイル\Scene</Filter>
    </ClInclude>
    <ClInclude Include="scene.h">
      <Filter>ヘッダー ファイル\Scene</Filter>
    </ClInclude>
    <ClInclude Include="result.h">
      <Filter>ヘッダー ファイル\Scene</Filter>
    </ClInclude>
    <ClInclude Include="game.h">
      <Filter>ヘッダー ファイル\Scene</Filter>
    </ClInclude>
    <ClInclude Include="animSprite.h">
      <Filter>ヘッダー ファイル</Filter>
    </ClInclude>
    <ClInclude Include="audio.h">
      <Filter>ヘッダー ファイル</Filter>
    </ClInclude>
    <ClInclude Include="score.h">
      <Filter>ヘッダー ファイル\GameObject</Filter>
    </ClInclude>
    <ClInclude Include="animPlate.h">
      <Filter>ヘッダー ファイル</Filter>
    </ClInclude>
    <ClInclude Include="sky.h">
      <Filter>ヘッダー ファイル\GameObject</Filter>
    </ClInclude>
    <ClInclude Include="weapon.h">
      <Filter>ヘッダー ファイル\Weapon</Filter>
    </ClInclude>
    <ClInclude Include="sword.h">
      <Filter>ヘッダー ファイル\Weapon</Filter>
    </ClInclude>
    <ClInclude Include="collision.h">
      <Filter>ヘッダー ファイル</Filter>
    </ClInclude>
    <ClInclude Include="guage.h">
      <Filter>ヘッダー ファイル\GameObject</Filter>
    </ClInclude>
    <ClInclude Include="resource.h">
      <Filter>ヘッダー ファイル</Filter>
    </ClInclude>
    <ClInclude Include="gun.h">
      <Filter>ヘッダー ファイル\Weapon</Filter>
    </ClInclude>
    <ClInclude Include="timer.h">
      <Filter>ヘッダー ファイル\GameObject</Filter>
    </ClInclude>
    <ClInclude Include="tutorial.h">
      <Filter>ヘッダー ファイル\Scene</Filter>
    </ClInclude>
    <ClInclude Include="fade.h">
      <Filter>ヘッダー ファイル\GameObject</Filter>
    </ClInclude>
    <ClInclude Include="cylinder.h">
      <Filter>ヘッダー ファイル\GameObject</Filter>
    </ClInclude>
    <ClInclude Include="effect.h">
      <Filter>ヘッダー ファイル\GameObject</Filter>
    </ClInclude>
    <ClInclude Include="explosion.h">
      <Filter>ヘッダー ファイル\GameObject</Filter>
    </ClInclude>
    <ClInclude Include="message.h">
      <Filter>ヘッダー ファイル\GameObject</Filter>
    </ClInclude>
    <ClInclude Include="enemyTuto.h">
      <Filter>ヘッダー ファイル</Filter>
    </ClInclude>
    <ClInclude Include="animationModel.h">
      <Filter>ヘッダー ファイル</Filter>
    </ClInclude>
    <ClInclude Include="shadow.h">
      <Filter>ヘッダー ファイル</Filter>
    </ClInclude>
    <ClInclude Include="playerState.h">
      <Filter>ヘッダー ファイル\GameObject\Player</Filter>
    </ClInclude>
    <ClInclude Include="playerStateIdle.h">
      <Filter>ヘッダー ファイル\GameObject\Player</Filter>
    </ClInclude>
    <ClInclude Include="playerStateJump.h">
      <Filter>ヘッダー ファイル\GameObject\Player</Filter>
    </ClInclude>
    <ClInclude Include="playerStateRun.h">
      <Filter>ヘッダー ファイル\GameObject\Player</Filter>
    </ClInclude>
    <ClInclude Include="playerStateWalk.h">
      <Filter>ヘッダー ファイル\GameObject\Player</Filter>
    </ClInclude>
    <ClInclude Include="playerStateAttack.h">
      <Filter>ヘッダー ファイル\GameObject\Player</Filter>
    </ClInclude>
    <ClInclude Include="playerStateGuard.h">
      <Filter>ヘッダー ファイル\GameObject\Player</Filter>
    </ClInclude>
    <ClInclude Include="meshField.h">
      <Filter>ヘッダー ファイル\GameObject</Filter>
    </ClInclude>
    <ClInclude Include="rock.h">
      <Filter>ヘッダー ファイル\GameObject</Filter>
    </ClInclude>
    <ClInclude Include="player.h">
      <Filter>ヘッダー ファイル\GameObject\Player</Filter>
    </ClInclude>
    <ClInclude Include="enemy.h">
      <Filter>ヘッダー ファイル\GameObject\Enemy</Filter>
    </ClInclude>
    <ClInclude Include="enemyAttack.h">
      <Filter>ヘッダー ファイル\GameObject\Enemy</Filter>
    </ClInclude>
    <ClInclude Include="enemyManager.h">
      <Filter>ヘッダー ファイル\GameObject\Enemy</Filter>
    </ClInclude>
    <ClInclude Include="enemyMove.h">
      <Filter>ヘッダー ファイル\GameObject\Enemy</Filter>
    </ClInclude>
    <ClInclude Include="enemyMutant.h">
      <Filter>ヘッダー ファイル\GameObject\Enemy\Boss</Filter>
    </ClInclude>
    <ClInclude Include="mutantState.h">
      <Filter>ヘッダー ファイル\GameObject\Enemy\Boss</Filter>
    </ClInclude>
    <ClInclude Include="mutantStateWalk.h">
      <Filter>ヘッダー ファイル\GameObject\Enemy\Boss</Filter>
    </ClInclude>
    <ClInclude Include="mutantStateIdle.h">
      <Filter>ヘッダー ファイル\GameObject\Enemy\Boss</Filter>
    </ClInclude>
    <ClInclude Include="radar.h">
      <Filter>ヘッダー ファイル\GameObject</Filter>
    </ClInclude>
    <ClInclude Include="mutantStateAttack.h">
      <Filter>ヘッダー ファイル\GameObject\Enemy\Boss</Filter>
    </ClInclude>
    <ClInclude Include="shotGun.h">
      <Filter>ヘッダー ファイル\Weapon</Filter>
    </ClInclude>
    <ClInclude Include="launcher.h">
      <Filter>ヘッダー ファイル\Weapon</Filter>
    </ClInclude>
    <ClInclude Include="backGround.h">
      <Filter>ヘッダー ファイル\GameObject</Filter>
    </ClInclude>
    <ClInclude Include="normalPlate.h">
      <Filter>ヘッダー ファイル\GameObject</Filter>
    </ClInclude>
    <ClInclude Include="loading.h">
      <Filter>ヘッダー ファイル\Scene</Filter>
    </ClInclude>
    <ClInclude Include="loadingLogo.h">
      <Filter>ヘッダー ファイル\GameObject</Filter>
    </ClInclude>
    <ClInclude Include="playerStateRoll.h">
      <Filter>ヘッダー ファイル\GameObject\Player</Filter>
    </ClInclude>
    <ClInclude Include="mutantStateSkill.h">
      <Filter>ヘッダー ファイル\GameObject\Enemy\Boss</Filter>
    </ClInclude>
    <ClInclude Include="preparation.h">
      <Filter>ヘッダー ファイル\Scene</Filter>
    </ClInclude>
    <ClInclude Include="weaponSet.h">
      <Filter>ヘッダー ファイル\GameObject</Filter>
    </ClInclude>
    <ClInclude Include="gameClear.h">
      <Filter>ヘッダー ファイル\GameObject</Filter>
    </ClInclude>
    <ClInclude Include="playerStateDying.h">
      <Filter>ヘッダー ファイル\GameObject\Player</Filter>
    </ClInclude>
    <ClInclude Include="stageSelect.h">
      <Filter>ヘッダー ファイル\GameObject</Filter>
    </ClInclude>
    <ClInclude Include="stage.h">
      <Filter>ヘッダー ファイル\Scene</Filter>
    </ClInclude>
    <ClInclude Include="item.h">
      <Filter>ヘッダー ファイル\GameObject</Filter>
    </ClInclude>
    <ClInclude Include="enemyDrone.h">
      <Filter>ヘッダー ファイル\GameObject\Enemy\Drone</Filter>
    </ClInclude>
    <ClInclude Include="droneStateMove.h">
      <Filter>ヘッダー ファイル\GameObject\Enemy\Drone</Filter>
    </ClInclude>
    <ClInclude Include="droneState.h">
      <Filter>ヘッダー ファイル\GameObject\Enemy\Drone</Filter>
    </ClInclude>
    <ClInclude Include="droneStateAttack.h">
      <Filter>ヘッダー ファイル\GameObject\Enemy\Drone</Filter>
    </ClInclude>
    <ClInclude Include="particle.h">
      <Filter>ヘッダー ファイル</Filter>
    </ClInclude>
  </ItemGroup>
  <ItemGroup>
    <FxCompile Include="shader\unlitTextureVS.hlsl" />
    <FxCompile Include="shader\vertexLightingPS.hlsl" />
    <FxCompile Include="shader\vertexLightingVS.hlsl" />
    <FxCompile Include="shader\common.hlsl" />
    <FxCompile Include="shader\unlitTexturePS.hlsl" />
    <FxCompile Include="shader\gaugePS.hlsl" />
    <FxCompile Include="shader\gaugeVS.hlsl" />
    <FxCompile Include="shader\pixelLightingPS.hlsl" />
    <FxCompile Include="shader\pixelLightingVS.hlsl" />
    <FxCompile Include="shader\pixelLightingAttackPS.hlsl" />
    <FxCompile Include="shader\pixelLightingAttackVS.hlsl" />
    <FxCompile Include="shader\pixelLightingGuardPS.hlsl" />
    <FxCompile Include="shader\pixelLightingGuardVS.hlsl" />
    <FxCompile Include="shader\circlePS.hlsl" />
    <FxCompile Include="shader\circleVS.hlsl" />
    <FxCompile Include="shader\normalMapPS.hlsl" />
    <FxCompile Include="shader\normalMapVS.hlsl" />
    <FxCompile Include="shader\groundPS.hlsl" />
    <FxCompile Include="shader\groundVS.hlsl" />
    <FxCompile Include="shader\particleGS.hlsl" />
    <FxCompile Include="shader\particlePS.hlsl" />
    <FxCompile Include="shader\particleVS.hlsl" />
  </ItemGroup>
</Project>